
Microsoft Visual Studio Solution File, Format Version 12.00
# Visual Studio Version 17
VisualStudioVersion = 17.2.32519.379
MinimumVisualStudioVersion = 10.0.40219.1
Project("{FAE04EC0-301F-11D3-BF4B-00C04F79EFBC}") = "OperatorExercise", "OperatorExercise\OperatorExercise.csproj", "{4334AF18-349F-4B19-BA25-3BFC0BAE7E56}"
EndProject
Global
	GlobalSection(SolutionConfigurationPlatforms) = preSolution
		Debug|Any CPU = Debug|Any CPU
		Release|Any CPU = Release|Any CPU
	EndGlobalSection
	GlobalSection(ProjectConfigurationPlatforms) = postSolution
		{4334AF18-349F-4B19-BA25-3BFC0BAE7E56}.Debug|Any CPU.ActiveCfg = Debug|Any CPU
		{4334AF18-349F-4B19-BA25-3BFC0BAE7E56}.Debug|Any CPU.Build.0 = Debug|Any CPU
		{4334AF18-349F-4B19-BA25-3BFC0BAE7E56}.Release|Any CPU.ActiveCfg = Release|Any CPU
		{4334AF18-349F-4B19-BA25-3BFC0BAE7E56}.Release|Any CPU.Build.0 = Release|Any CPU
	EndGlobalSection
	GlobalSection(SolutionProperties) = preSolution
		HideSolutionNode = FALSE
	EndGlobalSection
	GlobalSection(ExtensibilityGlobals) = postSolution
		SolutionGuid = {C031AC7C-E693-45CB-8FDB-60E58E015027}
	EndGlobalSection
EndGlobal
